Microsoft Visual Studio Solution File, Format Version 12.00
# Visual Studio 2012
Project("{FAE04EC0-301F-11D3-BF4B-00C04F79EFBC}") = "Taiju", "Taiju.csproj", "{D755955D-2348-4E0D-AB34-D8647E11BFAC}"
EndProject
Global
	GlobalSection(SolutionConfigurationPlatforms) = preSolution
	Debug|Any CPU = Debug|Any CPU
	ExportDebug|Any CPU = ExportDebug|Any CPU
	ExportRelease|Any CPU = ExportRelease|Any CPU
	EndGlobalSection
	GlobalSection(ProjectConfigurationPlatforms) = postSolution
		{D755955D-2348-4E0D-AB34-D8647E11BFAC}.Debug|Any CPU.ActiveCfg = Debug|Any CPU
		{D755955D-2348-4E0D-AB34-D8647E11BFAC}.Debug|Any CPU.Build.0 = Debug|Any CPU
		{D755955D-2348-4E0D-AB34-D8647E11BFAC}.ExportDebug|Any CPU.ActiveCfg = ExportDebug|Any CPU
		{D755955D-2348-4E0D-AB34-D8647E11BFAC}.ExportDebug|Any CPU.Build.0 = ExportDebug|Any CPU
		{D755955D-2348-4E0D-AB34-D8647E11BFAC}.ExportRelease|Any CPU.ActiveCfg = ExportRelease|Any CPU
		{D755955D-2348-4E0D-AB34-D8647E11BFAC}.ExportRelease|Any CPU.Build.0 = ExportRelease|Any CPU
	EndGlobalSection
EndGlobal
