Microsoft Visual Studio Solution File, Format Version 12.00
# Visual Studio 2012
Project("{FAE04EC0-301F-11D3-BF4B-00C04F79EFBC}") = "Taiju", "Taiju.csproj", "{0521F7CC-EBE1-4BD9-9D27-31628E2451C6}"
EndProject
Project("{FAE04EC0-301F-11D3-BF4B-00C04F79EFBC}") = "TaijuTest", "..\TaijuTest\TaijuTest.csproj", "{9F90D390-0E88-401D-8C09-C5DB5359219F}"
EndProject
Global
	GlobalSection(SolutionConfigurationPlatforms) = preSolution
	Debug|Any CPU = Debug|Any CPU
	ExportDebug|Any CPU = ExportDebug|Any CPU
	ExportRelease|Any CPU = ExportRelease|Any CPU
	EndGlobalSection
	GlobalSection(ProjectConfigurationPlatforms) = postSolution
		{0521F7CC-EBE1-4BD9-9D27-31628E2451C6}.Debug|Any CPU.ActiveCfg = Debug|Any CPU
		{0521F7CC-EBE1-4BD9-9D27-31628E2451C6}.Debug|Any CPU.Build.0 = Debug|Any CPU
		{0521F7CC-EBE1-4BD9-9D27-31628E2451C6}.ExportDebug|Any CPU.ActiveCfg = ExportDebug|Any CPU
		{0521F7CC-EBE1-4BD9-9D27-31628E2451C6}.ExportDebug|Any CPU.Build.0 = ExportDebug|Any CPU
		{0521F7CC-EBE1-4BD9-9D27-31628E2451C6}.ExportRelease|Any CPU.ActiveCfg = ExportRelease|Any CPU
		{0521F7CC-EBE1-4BD9-9D27-31628E2451C6}.ExportRelease|Any CPU.Build.0 = ExportRelease|Any CPU
		{9F90D390-0E88-401D-8C09-C5DB5359219F}.Debug|Any CPU.ActiveCfg = Debug|Any CPU
		{9F90D390-0E88-401D-8C09-C5DB5359219F}.Debug|Any CPU.Build.0 = Debug|Any CPU
		{9F90D390-0E88-401D-8C09-C5DB5359219F}.ExportDebug|Any CPU.ActiveCfg = Debug|Any CPU
		{9F90D390-0E88-401D-8C09-C5DB5359219F}.ExportDebug|Any CPU.Build.0 = Debug|Any CPU
		{9F90D390-0E88-401D-8C09-C5DB5359219F}.ExportRelease|Any CPU.ActiveCfg = Debug|Any CPU
		{9F90D390-0E88-401D-8C09-C5DB5359219F}.ExportRelease|Any CPU.Build.0 = Debug|Any CPU
	EndGlobalSection
EndGlobal
